
Microsoft Visual Studio Solution File, Format Version 12.00
# Visual Studio 15
VisualStudioVersion = 15.0.28307.779
MinimumVisualStudioVersion = 10.0.40219.1
Project("{FAE04EC0-301F-11D3-BF4B-00C04F79EFBC}") = "LAB_12", "LAB_12\LAB_12.csproj", "{A038D736-9E6C-4FA0-98F7-B991A21E9775}"
EndProject
Global
	GlobalSection(SolutionConfigurationPlatforms) = preSolution
		Debug|Any CPU = Debug|Any CPU
		Release|Any CPU = Release|Any CPU
	EndGlobalSection
	GlobalSection(ProjectConfigurationPlatforms) = postSolution
		{A038D736-9E6C-4FA0-98F7-B991A21E9775}.Debug|Any CPU.ActiveCfg = Debug|Any CPU
		{A038D736-9E6C-4FA0-98F7-B991A21E9775}.Debug|Any CPU.Build.0 = Debug|Any CPU
		{A038D736-9E6C-4FA0-98F7-B991A21E9775}.Release|Any CPU.ActiveCfg = Release|Any CPU
		{A038D736-9E6C-4FA0-98F7-B991A21E9775}.Release|Any CPU.Build.0 = Release|Any CPU
	EndGlobalSection
	GlobalSection(SolutionProperties) = preSolution
		HideSolutionNode = FALSE
	EndGlobalSection
	GlobalSection(ExtensibilityGlobals) = postSolution
		SolutionGuid = {0F9ED31B-69B0-4990-87C0-3832E312E4EE}
	EndGlobalSection
EndGlobal
